
Microsoft Visual Studio Solution File, Format Version 12.00
# Visual Studio Version 16
VisualStudioVersion = 16.0.31729.503
MinimumVisualStudioVersion = 10.0.40219.1
Project("{FAE04EC0-301F-11D3-BF4B-00C04F79EFBC}") = "BMICalculator", "BMICalculator\BMICalculator.csproj", "{A6B18434-51A4-4BA4-907A-DE1A92CD5CB7}"
EndProject
Global
	GlobalSection(SolutionConfigurationPlatforms) = preSolution
		Debug|Any CPU = Debug|Any CPU
		Release|Any CPU = Release|Any CPU
	EndGlobalSection
	GlobalSection(ProjectConfigurationPlatforms) = postSolution
		{A6B18434-51A4-4BA4-907A-DE1A92CD5CB7}.Debug|Any CPU.ActiveCfg = Debug|Any CPU
		{A6B18434-51A4-4BA4-907A-DE1A92CD5CB7}.Debug|Any CPU.Build.0 = Debug|Any CPU
		{A6B18434-51A4-4BA4-907A-DE1A92CD5CB7}.Release|Any CPU.ActiveCfg = Release|Any CPU
		{A6B18434-51A4-4BA4-907A-DE1A92CD5CB7}.Release|Any CPU.Build.0 = Release|Any CPU
	EndGlobalSection
	GlobalSection(SolutionProperties) = preSolution
		HideSolutionNode = FALSE
	EndGlobalSection
	GlobalSection(ExtensibilityGlobals) = postSolution
		SolutionGuid = {B8E34798-39D8-4BFF-AF97-8E493D37B5DD}
	EndGlobalSection
EndGlobal
