
Microsoft Visual Studio Solution File, Format Version 12.00
# Visual Studio Version 16
VisualStudioVersion = 16.0.31729.503
MinimumVisualStudioVersion = 10.0.40219.1
Project("{FAE04EC0-301F-11D3-BF4B-00C04F79EFBC}") = "BuiltInInterfaces", "BuiltInInterfaces\BuiltInInterfaces.csproj", "{6EB59D0F-E068-422E-98C0-2DC049A9A2CC}"
EndProject
Global
	GlobalSection(SolutionConfigurationPlatforms) = preSolution
		Debug|Any CPU = Debug|Any CPU
		Release|Any CPU = Release|Any CPU
	EndGlobalSection
	GlobalSection(ProjectConfigurationPlatforms) = postSolution
		{6EB59D0F-E068-422E-98C0-2DC049A9A2CC}.Debug|Any CPU.ActiveCfg = Debug|Any CPU
		{6EB59D0F-E068-422E-98C0-2DC049A9A2CC}.Debug|Any CPU.Build.0 = Debug|Any CPU
		{6EB59D0F-E068-422E-98C0-2DC049A9A2CC}.Release|Any CPU.ActiveCfg = Release|Any CPU
		{6EB59D0F-E068-422E-98C0-2DC049A9A2CC}.Release|Any CPU.Build.0 = Release|Any CPU
	EndGlobalSection
	GlobalSection(SolutionProperties) = preSolution
		HideSolutionNode = FALSE
	EndGlobalSection
	GlobalSection(ExtensibilityGlobals) = postSolution
		SolutionGuid = {BFE916A0-2FC7-4035-B642-F0373CE091EF}
	EndGlobalSection
EndGlobal
