
Microsoft Visual Studio Solution File, Format Version 12.00
# Visual Studio Version 16
VisualStudioVersion = 16.0.31729.503
MinimumVisualStudioVersion = 10.0.40219.1
Project("{9A19103F-16F7-4668-BE54-9A1E7A4F7556}") = "loops", "loops.csproj", "{76DFF2F9-66EF-41B3-BA45-F3A11340F2AD}"
EndProject
Global
	GlobalSection(SolutionConfigurationPlatforms) = preSolution
		Debug|Any CPU = Debug|Any CPU
		Release|Any CPU = Release|Any CPU
	EndGlobalSection
	GlobalSection(ProjectConfigurationPlatforms) = postSolution
		{76DFF2F9-66EF-41B3-BA45-F3A11340F2AD}.Debug|Any CPU.ActiveCfg = Debug|Any CPU
		{76DFF2F9-66EF-41B3-BA45-F3A11340F2AD}.Debug|Any CPU.Build.0 = Debug|Any CPU
		{76DFF2F9-66EF-41B3-BA45-F3A11340F2AD}.Release|Any CPU.ActiveCfg = Release|Any CPU
		{76DFF2F9-66EF-41B3-BA45-F3A11340F2AD}.Release|Any CPU.Build.0 = Release|Any CPU
	EndGlobalSection
	GlobalSection(SolutionProperties) = preSolution
		HideSolutionNode = FALSE
	EndGlobalSection
	GlobalSection(ExtensibilityGlobals) = postSolution
		SolutionGuid = {0FDF5015-1799-4244-B1D6-BD560F48F514}
	EndGlobalSection
EndGlobal
