
Microsoft Visual Studio Solution File, Format Version 12.00
# Visual Studio Version 16
VisualStudioVersion = 16.0.31729.503
MinimumVisualStudioVersion = 10.0.40219.1
Project("{FAE04EC0-301F-11D3-BF4B-00C04F79EFBC}") = "ClassVSObject", "ClassVSObject\ClassVSObject.csproj", "{2A43E6E3-940E-4993-9869-32671C6CB529}"
EndProject
Global
	GlobalSection(SolutionConfigurationPlatforms) = preSolution
		Debug|Any CPU = Debug|Any CPU
		Release|Any CPU = Release|Any CPU
	EndGlobalSection
	GlobalSection(ProjectConfigurationPlatforms) = postSolution
		{2A43E6E3-940E-4993-9869-32671C6CB529}.Debug|Any CPU.ActiveCfg = Debug|Any CPU
		{2A43E6E3-940E-4993-9869-32671C6CB529}.Debug|Any CPU.Build.0 = Debug|Any CPU
		{2A43E6E3-940E-4993-9869-32671C6CB529}.Release|Any CPU.ActiveCfg = Release|Any CPU
		{2A43E6E3-940E-4993-9869-32671C6CB529}.Release|Any CPU.Build.0 = Release|Any CPU
	EndGlobalSection
	GlobalSection(SolutionProperties) = preSolution
		HideSolutionNode = FALSE
	EndGlobalSection
	GlobalSection(ExtensibilityGlobals) = postSolution
		SolutionGuid = {9BBC7A9D-195B-437D-9C0E-01022440FCC3}
	EndGlobalSection
EndGlobal
