
Microsoft Visual Studio Solution File, Format Version 12.00
# Visual Studio Version 16
VisualStudioVersion = 16.0.31729.503
MinimumVisualStudioVersion = 10.0.40219.1
Project("{FAE04EC0-301F-11D3-BF4B-00C04F79EFBC}") = "BuiltInMethods", "BuiltInMethods\BuiltInMethods.csproj", "{4201F045-F3A0-4A19-A055-B0751CB6A745}"
EndProject
Global
	GlobalSection(SolutionConfigurationPlatforms) = preSolution
		Debug|Any CPU = Debug|Any CPU
		Release|Any CPU = Release|Any CPU
	EndGlobalSection
	GlobalSection(ProjectConfigurationPlatforms) = postSolution
		{4201F045-F3A0-4A19-A055-B0751CB6A745}.Debug|Any CPU.ActiveCfg = Debug|Any CPU
		{4201F045-F3A0-4A19-A055-B0751CB6A745}.Debug|Any CPU.Build.0 = Debug|Any CPU
		{4201F045-F3A0-4A19-A055-B0751CB6A745}.Release|Any CPU.ActiveCfg = Release|Any CPU
		{4201F045-F3A0-4A19-A055-B0751CB6A745}.Release|Any CPU.Build.0 = Release|Any CPU
	EndGlobalSection
	GlobalSection(SolutionProperties) = preSolution
		HideSolutionNode = FALSE
	EndGlobalSection
	GlobalSection(ExtensibilityGlobals) = postSolution
		SolutionGuid = {B911D87A-4530-4FDF-B435-8AB26528A5FA}
	EndGlobalSection
EndGlobal
